
Microsoft Visual Studio Solution File, Format Version 12.00
# Visual Studio Version 17
VisualStudioVersion = 17.0.31903.59
MinimumVisualStudioVersion = 10.0.40219.1
Project("{FAE04EC0-301F-11D3-BF4B-00C04F79EFBC}") = "CloudCustomer.API", "CloudCustomer.API\CloudCustomer.API.csproj", "{F5EA4380-C320-4A53-AA79-48760C83B5A8}"
EndProject
Project("{FAE04EC0-301F-11D3-BF4B-00C04F79EFBC}") = "CloudCustomer.Test", "CloudCustomer.Test\CloudCustomer.Test.csproj", "{1F0AF2C2-3D74-482D-AF13-C28569201AF6}"
EndProject
Global
	GlobalSection(SolutionConfigurationPlatforms) = preSolution
		Debug|Any CPU = Debug|Any CPU
		Release|Any CPU = Release|Any CPU
	EndGlobalSection
	GlobalSection(SolutionProperties) = preSolution
		HideSolutionNode = FALSE
	EndGlobalSection
	GlobalSection(ProjectConfigurationPlatforms) = postSolution
		{F5EA4380-C320-4A53-AA79-48760C83B5A8}.Debug|Any CPU.ActiveCfg = Debug|Any CPU
		{F5EA4380-C320-4A53-AA79-48760C83B5A8}.Debug|Any CPU.Build.0 = Debug|Any CPU
		{F5EA4380-C320-4A53-AA79-48760C83B5A8}.Release|Any CPU.ActiveCfg = Release|Any CPU
		{F5EA4380-C320-4A53-AA79-48760C83B5A8}.Release|Any CPU.Build.0 = Release|Any CPU
		{1F0AF2C2-3D74-482D-AF13-C28569201AF6}.Debug|Any CPU.ActiveCfg = Debug|Any CPU
		{1F0AF2C2-3D74-482D-AF13-C28569201AF6}.Debug|Any CPU.Build.0 = Debug|Any CPU
		{1F0AF2C2-3D74-482D-AF13-C28569201AF6}.Release|Any CPU.ActiveCfg = Release|Any CPU
		{1F0AF2C2-3D74-482D-AF13-C28569201AF6}.Release|Any CPU.Build.0 = Release|Any CPU
	EndGlobalSection
EndGlobal
